{
  "name": "random-quote-generator",
  "version": "0.1.0",
  "lockfileVersion": 3,
  "requires": true,
  "packages": {
    "": {
      "name": "random-quote-generator",
      "version": "0.1.0",
      "dependencies": {
        "cra-template": "1.2.0",
        "react": "^18.2.0",
        "react-dom": "^18.2.0",
        "react-router-dom": "^6.14.1",
        "react-scripts": "5.0.1"
      }
    },
    "node_modules/cra-template": {
      "version": "1.2.0",
      "resolved": "https://registry.npmjs.org/cra-template/-/cra-template-1.2.0.tgz",
      "integrity": "sha512-samplehash1",
      "dev": true
    },
    "node_modules/react": {
      "version": "18.2.0",
      "resolved": "https://registry.npmjs.org/react/-/react-18.2.0.tgz",
      "integrity": "sha512-samplehash2"
    },
    "node_modules/react-dom": {
      "version": "18.2.0",
      "resolved": "https://registry.npmjs.org/react-dom/-/react-dom-18.2.0.tgz",
      "integrity": "sha512-samplehash3"
    },
    "node_modules/react-router-dom": {
      "version": "6.14.1",
      "resolved": "https://registry.npmjs.org/react-router-dom/-/react-router-dom-6.14.1.tgz",
      "integrity": "sha512-samplehash4"
    },
    "node_modules/react-scripts": {
      "version": "5.0.1",
      "resolved": "https://registry.npmjs.org/react-scripts/-/react-scripts-5.0.1.tgz",
      "integrity": "sha512-samplehash5"
    }
  }
}
